Microsoft Visual Studio Solution File, Format Version 11.00
# Visual Studio 2008

Project("{7C4918D3-D8C5-0E58-EF32-8F8592E445CC}") = "tappyPlane", "Assembly-CSharp.csproj", "{93B97445-95C3-0403-21AC-85E64CBCEBD5}"
EndProject
Global
	GlobalSection(SolutionConfigurationPlatforms) = preSolution
		Debug|Any CPU = Debug|Any CPU
		Release|Any CPU = Release|Any CPU
	EndGlobalSection
	GlobalSection(ProjectConfigurationPlatforms) = postSolution
		{93B97445-95C3-0403-21AC-85E64CBCEBD5}.Debug|Any CPU.ActiveCfg = Debug|Any CPU
		{93B97445-95C3-0403-21AC-85E64CBCEBD5}.Debug|Any CPU.Build.0 = Debug|Any CPU
		{93B97445-95C3-0403-21AC-85E64CBCEBD5}.Release|Any CPU.ActiveCfg = Release|Any CPU
		{93B97445-95C3-0403-21AC-85E64CBCEBD5}.Release|Any CPU.Build.0 = Release|Any CPU
	EndGlobalSection
	GlobalSection(SolutionProperties) = preSolution
		HideSolutionNode = FALSE
	EndGlobalSection
	GlobalSection(MonoDevelopProperties) = preSolution
		StartupItem = Assembly-CSharp.csproj
	EndGlobalSection
EndGlobal
